
Microsoft Visual Studio Solution File, Format Version 12.00
# Visual Studio Version 17
VisualStudioVersion = 17.11.35312.102
MinimumVisualStudioVersion = 10.0.40219.1
Project("{FAE04EC0-301F-11D3-BF4B-00C04F79EFBC}") = "CodeFirstApproachWithOneTable", "CodeFirstApproachWithOneTable\CodeFirstApproachWithOneTable.csproj", "{0A5C98B9-5AA9-4CFF-9F60-8D915CE9C726}"
EndProject
Global
	GlobalSection(SolutionConfigurationPlatforms) = preSolution
		Debug|Any CPU = Debug|Any CPU
		Release|Any CPU = Release|Any CPU
	EndGlobalSection
	GlobalSection(ProjectConfigurationPlatforms) = postSolution
		{0A5C98B9-5AA9-4CFF-9F60-8D915CE9C726}.Debug|Any CPU.ActiveCfg = Debug|Any CPU
		{0A5C98B9-5AA9-4CFF-9F60-8D915CE9C726}.Debug|Any CPU.Build.0 = Debug|Any CPU
		{0A5C98B9-5AA9-4CFF-9F60-8D915CE9C726}.Release|Any CPU.ActiveCfg = Release|Any CPU
		{0A5C98B9-5AA9-4CFF-9F60-8D915CE9C726}.Release|Any CPU.Build.0 = Release|Any CPU
	EndGlobalSection
	GlobalSection(SolutionProperties) = preSolution
		HideSolutionNode = FALSE
	EndGlobalSection
	GlobalSection(ExtensibilityGlobals) = postSolution
		SolutionGuid = {E906DDE1-2720-458D-9953-0A086E0563E8}
	EndGlobalSection
EndGlobal
