
Microsoft Visual Studio Solution File, Format Version 12.00
# Visual Studio Version 17
VisualStudioVersion = 17.11.35312.102
MinimumVisualStudioVersion = 10.0.40219.1
Project("{FAE04EC0-301F-11D3-BF4B-00C04F79EFBC}") = "WebApplicationWebAPITemplate", "WebApplicationWebAPITemplate\WebApplicationWebAPITemplate.csproj", "{9D10950B-9563-4290-B11D-E35BCBE8F5DC}"
EndProject
Global
	GlobalSection(SolutionConfigurationPlatforms) = preSolution
		Debug|Any CPU = Debug|Any CPU
		Release|Any CPU = Release|Any CPU
	EndGlobalSection
	GlobalSection(ProjectConfigurationPlatforms) = postSolution
		{9D10950B-9563-4290-B11D-E35BCBE8F5DC}.Debug|Any CPU.ActiveCfg = Debug|Any CPU
		{9D10950B-9563-4290-B11D-E35BCBE8F5DC}.Debug|Any CPU.Build.0 = Debug|Any CPU
		{9D10950B-9563-4290-B11D-E35BCBE8F5DC}.Release|Any CPU.ActiveCfg = Release|Any CPU
		{9D10950B-9563-4290-B11D-E35BCBE8F5DC}.Release|Any CPU.Build.0 = Release|Any CPU
	EndGlobalSection
	GlobalSection(SolutionProperties) = preSolution
		HideSolutionNode = FALSE
	EndGlobalSection
	GlobalSection(ExtensibilityGlobals) = postSolution
		SolutionGuid = {C5AE3C28-F808-4392-A517-272A5714F941}
	EndGlobalSection
EndGlobal
