
Microsoft Visual Studio Solution File, Format Version 12.00
# Visual Studio Version 17
VisualStudioVersion = 17.11.35312.102
MinimumVisualStudioVersion = 10.0.40219.1
Project("{9A19103F-16F7-4668-BE54-9A1E7A4F7556}") = "JumpStmts", "SwitchStmts\JumpStmts.csproj", "{8F3F4039-469F-4F31-986A-F8F1E9B46300}"
EndProject
Global
	GlobalSection(SolutionConfigurationPlatforms) = preSolution
		Debug|Any CPU = Debug|Any CPU
		Release|Any CPU = Release|Any CPU
	EndGlobalSection
	GlobalSection(ProjectConfigurationPlatforms) = postSolution
		{8F3F4039-469F-4F31-986A-F8F1E9B46300}.Debug|Any CPU.ActiveCfg = Debug|Any CPU
		{8F3F4039-469F-4F31-986A-F8F1E9B46300}.Debug|Any CPU.Build.0 = Debug|Any CPU
		{8F3F4039-469F-4F31-986A-F8F1E9B46300}.Release|Any CPU.ActiveCfg = Release|Any CPU
		{8F3F4039-469F-4F31-986A-F8F1E9B46300}.Release|Any CPU.Build.0 = Release|Any CPU
	EndGlobalSection
	GlobalSection(SolutionProperties) = preSolution
		HideSolutionNode = FALSE
	EndGlobalSection
	GlobalSection(ExtensibilityGlobals) = postSolution
		SolutionGuid = {DFA04C6D-4ADA-46A5-B90D-6CE830FAB7B2}
	EndGlobalSection
EndGlobal
