
Microsoft Visual Studio Solution File, Format Version 12.00
# Visual Studio Version 17
VisualStudioVersion = 17.11.35312.102
MinimumVisualStudioVersion = 10.0.40219.1
Project("{FAE04EC0-301F-11D3-BF4B-00C04F79EFBC}") = "SerializationEx", "SerializationEx\SerializationEx.csproj", "{AA4A20A8-F043-4704-AE2A-DD832BF27EAB}"
EndProject
Global
	GlobalSection(SolutionConfigurationPlatforms) = preSolution
		Debug|Any CPU = Debug|Any CPU
		Release|Any CPU = Release|Any CPU
	EndGlobalSection
	GlobalSection(ProjectConfigurationPlatforms) = postSolution
		{AA4A20A8-F043-4704-AE2A-DD832BF27EAB}.Debug|Any CPU.ActiveCfg = Debug|Any CPU
		{AA4A20A8-F043-4704-AE2A-DD832BF27EAB}.Debug|Any CPU.Build.0 = Debug|Any CPU
		{AA4A20A8-F043-4704-AE2A-DD832BF27EAB}.Release|Any CPU.ActiveCfg = Release|Any CPU
		{AA4A20A8-F043-4704-AE2A-DD832BF27EAB}.Release|Any CPU.Build.0 = Release|Any CPU
	EndGlobalSection
	GlobalSection(SolutionProperties) = preSolution
		HideSolutionNode = FALSE
	EndGlobalSection
	GlobalSection(ExtensibilityGlobals) = postSolution
		SolutionGuid = {2E740CE8-418C-4018-B073-7D33B0EFC051}
	EndGlobalSection
EndGlobal
