
Microsoft Visual Studio Solution File, Format Version 12.00
# Visual Studio Version 17
VisualStudioVersion = 17.11.35312.102
MinimumVisualStudioVersion = 10.0.40219.1
Project("{FAE04EC0-301F-11D3-BF4B-00C04F79EFBC}") = "RepeatedNums", "RepeatedNums\RepeatedNums.csproj", "{DA56B0F6-9F2D-4420-9C92-997BFDA8EBD0}"
EndProject
Global
	GlobalSection(SolutionConfigurationPlatforms) = preSolution
		Debug|Any CPU = Debug|Any CPU
		Release|Any CPU = Release|Any CPU
	EndGlobalSection
	GlobalSection(ProjectConfigurationPlatforms) = postSolution
		{DA56B0F6-9F2D-4420-9C92-997BFDA8EBD0}.Debug|Any CPU.ActiveCfg = Debug|Any CPU
		{DA56B0F6-9F2D-4420-9C92-997BFDA8EBD0}.Debug|Any CPU.Build.0 = Debug|Any CPU
		{DA56B0F6-9F2D-4420-9C92-997BFDA8EBD0}.Release|Any CPU.ActiveCfg = Release|Any CPU
		{DA56B0F6-9F2D-4420-9C92-997BFDA8EBD0}.Release|Any CPU.Build.0 = Release|Any CPU
	EndGlobalSection
	GlobalSection(SolutionProperties) = preSolution
		HideSolutionNode = FALSE
	EndGlobalSection
	GlobalSection(ExtensibilityGlobals) = postSolution
		SolutionGuid = {316453ED-CCDB-4765-BBF0-69102D8130EF}
	EndGlobalSection
EndGlobal
