
Microsoft Visual Studio Solution File, Format Version 12.00
# Visual Studio Version 17
VisualStudioVersion = 17.11.35312.102
MinimumVisualStudioVersion = 10.0.40219.1
Project("{FAE04EC0-301F-11D3-BF4B-00C04F79EFBC}") = "WebApplicationRazorTemplate", "WebApplicationRazorTemplate\WebApplicationRazorTemplate.csproj", "{F7A113AC-B9BD-4174-A84C-19E44FBDD737}"
EndProject
Global
	GlobalSection(SolutionConfigurationPlatforms) = preSolution
		Debug|Any CPU = Debug|Any CPU
		Release|Any CPU = Release|Any CPU
	EndGlobalSection
	GlobalSection(ProjectConfigurationPlatforms) = postSolution
		{F7A113AC-B9BD-4174-A84C-19E44FBDD737}.Debug|Any CPU.ActiveCfg = Debug|Any CPU
		{F7A113AC-B9BD-4174-A84C-19E44FBDD737}.Debug|Any CPU.Build.0 = Debug|Any CPU
		{F7A113AC-B9BD-4174-A84C-19E44FBDD737}.Release|Any CPU.ActiveCfg = Release|Any CPU
		{F7A113AC-B9BD-4174-A84C-19E44FBDD737}.Release|Any CPU.Build.0 = Release|Any CPU
	EndGlobalSection
	GlobalSection(SolutionProperties) = preSolution
		HideSolutionNode = FALSE
	EndGlobalSection
	GlobalSection(ExtensibilityGlobals) = postSolution
		SolutionGuid = {2D1EAA07-8591-40E9-9FCC-2E2CDBD15DE5}
	EndGlobalSection
EndGlobal
