
Microsoft Visual Studio Solution File, Format Version 12.00
# Visual Studio Version 17
VisualStudioVersion = 17.11.35312.102
MinimumVisualStudioVersion = 10.0.40219.1
Project("{FAE04EC0-301F-11D3-BF4B-00C04F79EFBC}") = "AlphaAndVowels", "AlphaAndVowels\AlphaAndVowels.csproj", "{2D848622-8624-44F9-B1EC-DD922F33ABBB}"
EndProject
Global
	GlobalSection(SolutionConfigurationPlatforms) = preSolution
		Debug|Any CPU = Debug|Any CPU
		Release|Any CPU = Release|Any CPU
	EndGlobalSection
	GlobalSection(ProjectConfigurationPlatforms) = postSolution
		{2D848622-8624-44F9-B1EC-DD922F33ABBB}.Debug|Any CPU.ActiveCfg = Debug|Any CPU
		{2D848622-8624-44F9-B1EC-DD922F33ABBB}.Debug|Any CPU.Build.0 = Debug|Any CPU
		{2D848622-8624-44F9-B1EC-DD922F33ABBB}.Release|Any CPU.ActiveCfg = Release|Any CPU
		{2D848622-8624-44F9-B1EC-DD922F33ABBB}.Release|Any CPU.Build.0 = Release|Any CPU
	EndGlobalSection
	GlobalSection(SolutionProperties) = preSolution
		HideSolutionNode = FALSE
	EndGlobalSection
	GlobalSection(ExtensibilityGlobals) = postSolution
		SolutionGuid = {C006DF84-D225-469D-9680-4D9A5EA4FC40}
	EndGlobalSection
EndGlobal
